# THIS IS AN AUTOGENERATED FILE. DO NOT EDIT THIS FILE DIRECTLY.
# yarn lockfile v1


"@code-hike/lighter@^0.0.6":
  version "0.0.6"
  resolved "https://registry.yarnpkg.com/@code-hike/lighter/-/lighter-0.0.6.tgz#d417b44f2bfdc7281c28ce092a39f150c40997f1"
  integrity sha512-skWIuo8PrmHwk0VNptYQiBElkfQFnIqUmAn1gvcsPKiW/T7q1HC06TF8EPcMMrdtQL/c74FAAxcsm2hZB4BUvw==

"@next/env@13.0.7":
  version "13.0.7"
  resolved "https://registry.yarnpkg.com/@next/env/-/env-13.0.7.tgz#7b6ccd9006d3fb57c369e3fb62b28e15324141e9"
  integrity sha512-ZBclBRB7DbkSswXgbJ+muF5RxfgmAuQKAWL8tcm86aZmoiL1ZainxQK0hMcMYdh+IYG8UObAKV2wKB5O+6P4ng==

"@next/swc-android-arm-eabi@13.0.7":
  version "13.0.7"
  resolved "https://registry.yarnpkg.com/@next/swc-android-arm-eabi/-/swc-android-arm-eabi-13.0.7.tgz#ddbf3d092d22f17238aa34072f5dcb8129d8b23e"
  integrity sha512-QTEamOK/LCwBf05GZ261rULMbZEpE3TYdjHlXfznV+nXwTztzkBNFXwP67gv2wW44BROzgi/vrR9H8oP+J5jxg==

"@next/swc-android-arm64@13.0.7":
  version "13.0.7"
  resolved "https://registry.yarnpkg.com/@next/swc-android-arm64/-/swc-android-arm64-13.0.7.tgz#96f150232eb66da377226f21a371d30389371ed5"
  integrity sha512-wcy2H0Tl9ME8vKy2GnJZ7Mybwys+43F/Eh2Pvph7mSDpMbYBJ6iA0zeY62iYYXxlZhnAID3+h79FUqUEakkClw==

"@next/swc-darwin-arm64@13.0.7":
  version "13.0.7"
  resolved "https://registry.yarnpkg.com/@next/swc-darwin-arm64/-/swc-darwin-arm64-13.0.7.tgz#34e80a22573b5321ade8417dfb814cf6e1fd9997"
  integrity sha512-F/mU7csN1/J2cqXJPMgTQ6MwAbc1pJ6sp6W+X0z5JEY4IFDzxKd3wRc3pCiNF7j8xW381JlNpWxhjCctnNmfaw==

"@next/swc-darwin-x64@13.0.7":
  version "13.0.7"
  resolved "https://registry.yarnpkg.com/@next/swc-darwin-x64/-/swc-darwin-x64-13.0.7.tgz#ecec57211bf54a15872bb44e5ea70c99c2efe785"
  integrity sha512-636AuRQynCPnIPRVzcCk5B7OMq9XjaYam2T0HeWUCE6y7EqEO3kxiuZ4QmN81T7A6Ydb+JnivYrLelHXmgdj6A==

"@next/swc-freebsd-x64@13.0.7":
  version "13.0.7"
  resolved "https://registry.yarnpkg.com/@next/swc-freebsd-x64/-/swc-freebsd-x64-13.0.7.tgz#b4a8a49c3c3d200c9d6c43193b82ee39c6eb1d59"
  integrity sha512-92XAMzNgQazowZ9t7uZmHRA5VdBl/SwEdrf5UybdfRovsxB4r3+yJWEvFaqYpSEp0gwndbwLokJdpz7OwFdL3Q==

"@next/swc-linux-arm-gnueabihf@13.0.7":
  version "13.0.7"
  resolved "https://registry.yarnpkg.com/@next/swc-linux-arm-gnueabihf/-/swc-linux-arm-gnueabihf-13.0.7.tgz#6f550d348c6ece2b25426a53c5be49a3a8fc54a3"
  integrity sha512-3r1CWl5P6I5n5Yxip8EXv/Rfu2Cp6wVmIOpvmczyUR82j+bcMkwPAcUjNkG/vMCagS4xV7NElrcdGb39iFmfLg==

"@next/swc-linux-arm64-gnu@13.0.7":
  version "13.0.7"
  resolved "https://registry.yarnpkg.com/@next/swc-linux-arm64-gnu/-/swc-linux-arm64-gnu-13.0.7.tgz#20bd7f25a3af0edb4d3506c005f54212eb9a855b"
  integrity sha512-RXo8tt6ppiwyS6hpDw3JdAjKcdVewsefxnxk9xOH4mRhMyq9V2lQx0e24X/dRiZqkx3jnWReR2WRrUlgN1UkSQ==

"@next/swc-linux-arm64-musl@13.0.7":
  version "13.0.7"
  resolved "https://registry.yarnpkg.com/@next/swc-linux-arm64-musl/-/swc-linux-arm64-musl-13.0.7.tgz#f421bedcf2e1ad1ad7c90af1102df83634e92b6a"
  integrity sha512-RWpnW+bmfXyxyY7iARbueYDGuIF+BEp3etLeYh/RUNHb9PhOHLDgJOG8haGSykud3a6CcyBI8hEjqOhoObaDpw==

"@next/swc-linux-x64-gnu@13.0.7":
  version "13.0.7"
  resolved "https://registry.yarnpkg.com/@next/swc-linux-x64-gnu/-/swc-linux-x64-gnu-13.0.7.tgz#76cb25d3c00041dabc02e0b3ddd10f9325eb3f60"
  integrity sha512-/ygUIiMMTYnbKlFs5Ba9J5k/tNxFWy8eI1bBF8UuMTvV8QJHl/aLDiA5dwsei2kk99/cu3eay62JnJXkSk3RSQ==

"@next/swc-linux-x64-musl@13.0.7":
  version "13.0.7"
  resolved "https://registry.yarnpkg.com/@next/swc-linux-x64-musl/-/swc-linux-x64-musl-13.0.7.tgz#4e49b54b3578f7c4753dd7ac9c5e683914427884"
  integrity sha512-dLzr6AL77USJN0ejgx5AS8O8SbFlbYTzs0XwAWag4oQpUG2p3ARvxwQgYQ0Z+6EP0zIRZ/XfLkN/mhsyi3m4PA==

"@next/swc-win32-arm64-msvc@13.0.7":
  version "13.0.7"
  resolved "https://registry.yarnpkg.com/@next/swc-win32-arm64-msvc/-/swc-win32-arm64-msvc-13.0.7.tgz#98f622f9d0e34746e1ec7f25ce436a809a42313d"
  integrity sha512-+vFIVa82AwqFkpFClKT+n73fGxrhAZ2u1u3mDYEBdxO6c9U4Pj3S5tZFsGFK9kLT/bFvf/eeVOICSLCC7MSgJQ==

"@next/swc-win32-ia32-msvc@13.0.7":
  version "13.0.7"
  resolved "https://registry.yarnpkg.com/@next/swc-win32-ia32-msvc/-/swc-win32-ia32-msvc-13.0.7.tgz#f27f99aeec4207be7688a417f5934ea4868dadfc"
  integrity sha512-RNLXIhp+assD39dQY9oHhDxw+/qSJRARKhOFsHfOtf8yEfCHqcKkn3X/L+ih60ntaEqK294y1WkMk6ylotsxwA==

"@next/swc-win32-x64-msvc@13.0.7":
  version "13.0.7"
  resolved "https://registry.yarnpkg.com/@next/swc-win32-x64-msvc/-/swc-win32-x64-msvc-13.0.7.tgz#7aaa6cee723cde844e891e895e5561a60d9fa7f3"
  integrity sha512-kvdnlLcrnEq72ZP0lqe2Z5NqvB9N5uSCvtXJ0PhKvNncWWd0fEG9Ec9erXgwCmVlM2ytw41k9/uuQ+SVw4Pihw==

"@swc/helpers@0.4.14":
  version "0.4.14"
  resolved "https://registry.yarnpkg.com/@swc/helpers/-/helpers-0.4.14.tgz#1352ac6d95e3617ccb7c1498ff019654f1e12a74"
  integrity sha512-4C7nX/dvpzB7za4Ql9K81xK3HPxCpHMgwTZVyf+9JQ6VUbn9jjZVN7/Nkdz/Ugzs2CSjqnL/UPXroiVBVHUWUw==
  dependencies:
    tslib "^2.4.0"

caniuse-lite@^1.0.30001406:
  version "1.0.30001439"
  resolved "https://registry.yarnpkg.com/caniuse-lite/-/caniuse-lite-1.0.30001439.tgz#ab7371faeb4adff4b74dad1718a6fd122e45d9cb"
  integrity sha512-1MgUzEkoMO6gKfXflStpYgZDlFM7M/ck/bgfVCACO5vnAf0fXoNVHdWtqGU+MYca+4bL9Z5bpOVmR33cWW9G2A==

client-only@0.0.1:
  version "0.0.1"
  resolved "https://registry.yarnpkg.com/client-only/-/client-only-0.0.1.tgz#38bba5d403c41ab150bff64a95c85013cf73bca1"
  integrity sha512-IV3Ou0jSMzZrd3pZ48nLkT9DA7Ag1pnPzaiQhpW7c3RbcqqzvzzVu+L8gfqMp/8IM2MQtSiqaCxrrcfu8I8rMA==

"js-tokens@^3.0.0 || ^4.0.0":
  version "4.0.0"
  resolved "https://registry.yarnpkg.com/js-tokens/-/js-tokens-4.0.0.tgz#19203fb59991df98e3a287050d4647cdeaf32499"
  integrity sha512-RdJUflcE3cUzKiMqQgsCu06FPu9UdIJO0beYbPhHN4k6apgJtifcoCtT9bcxOpYBtpD2kCM6Sbzg4CausW/PKQ==

loose-envify@^1.1.0:
  version "1.4.0"
  resolved "https://registry.yarnpkg.com/loose-envify/-/loose-envify-1.4.0.tgz#71ee51fa7be4caec1a63839f7e682d8132d30caf"
  integrity sha512-lyuxPGr/Wfhrlem2CL/UcnUc1zcqKAImBDzukY7Y5F/yQiNdko6+fRLevlw1HgMySw7f611UIY408EtxRSoK3Q==
  dependencies:
    js-tokens "^3.0.0 || ^4.0.0"

nanoid@^3.3.4:
  version "3.3.4"
  resolved "https://registry.yarnpkg.com/nanoid/-/nanoid-3.3.4.tgz#730b67e3cd09e2deacf03c027c81c9d9dbc5e8ab"
  integrity sha512-MqBkQh/OHTS2egovRtLk45wEyNXwF+cokD+1YPf9u5VfJiRdAiRwB2froX5Co9Rh20xs4siNPm8naNotSD6RBw==

next@^13.0.7:
  version "13.0.7"
  resolved "https://registry.yarnpkg.com/next/-/next-13.0.7.tgz#f07a0cc3afefdb86fb6668048e910a2193e3c1e2"
  integrity sha512-YfTifqX9vfHm+rSU/H/3xvzOHDkYuMuh4wsvTjiqj9h7qHEF7KHB66X4qrH96Po+ohdid4JY8YVGPziDwdXL0A==
  dependencies:
    "@next/env" "13.0.7"
    "@swc/helpers" "0.4.14"
    caniuse-lite "^1.0.30001406"
    postcss "8.4.14"
    styled-jsx "5.1.0"
  optionalDependencies:
    "@next/swc-android-arm-eabi" "13.0.7"
    "@next/swc-android-arm64" "13.0.7"
    "@next/swc-darwin-arm64" "13.0.7"
    "@next/swc-darwin-x64" "13.0.7"
    "@next/swc-freebsd-x64" "13.0.7"
    "@next/swc-linux-arm-gnueabihf" "13.0.7"
    "@next/swc-linux-arm64-gnu" "13.0.7"
    "@next/swc-linux-arm64-musl" "13.0.7"
    "@next/swc-linux-x64-gnu" "13.0.7"
    "@next/swc-linux-x64-musl" "13.0.7"
    "@next/swc-win32-arm64-msvc" "13.0.7"
    "@next/swc-win32-ia32-msvc" "13.0.7"
    "@next/swc-win32-x64-msvc" "13.0.7"

picocolors@^1.0.0:
  version "1.0.0"
  resolved "https://registry.yarnpkg.com/picocolors/-/picocolors-1.0.0.tgz#cb5bdc74ff3f51892236eaf79d68bc44564ab81c"
  integrity sha512-1fygroTLlHu66zi26VoTDv8yRgm0Fccecssto+MhsZ0D/DGW2sm8E8AjW7NU5VVTRt5GxbeZ5qBuJr+HyLYkjQ==

postcss@8.4.14:
  version "8.4.14"
  resolved "https://registry.yarnpkg.com/postcss/-/postcss-8.4.14.tgz#ee9274d5622b4858c1007a74d76e42e56fd21caf"
  integrity sha512-E398TUmfAYFPBSdzgeieK2Y1+1cpdxJx8yXbK/m57nRhKSmk1GB2tO4lbLBtlkfPQTDKfe4Xqv1ASWPpayPEig==
  dependencies:
    nanoid "^3.3.4"
    picocolors "^1.0.0"
    source-map-js "^1.0.2"

react-dom@^18.2.0:
  version "18.2.0"
  resolved "https://registry.yarnpkg.com/react-dom/-/react-dom-18.2.0.tgz#22aaf38708db2674ed9ada224ca4aa708d821e3d"
  integrity sha512-6IMTriUmvsjHUjNtEDudZfuDQUoWXVxKHhlEGSk81n4YFS+r/Kl99wXiwlVXtPBtJenozv2P+hxDsw9eA7Xo6g==
  dependencies:
    loose-envify "^1.1.0"
    scheduler "^0.23.0"

react@^18.2.0:
  version "18.2.0"
  resolved "https://registry.yarnpkg.com/react/-/react-18.2.0.tgz#555bd98592883255fa00de14f1151a917b5d77d5"
  integrity sha512-/3IjMdb2L9QbBdWiW5e3P2/npwMBaU9mHCSCUzNln0ZCYbcfTsGbTJrU/kGemdH2IWmB2ioZ+zkxtmq6g09fGQ==
  dependencies:
    loose-envify "^1.1.0"

scheduler@^0.23.0:
  version "0.23.0"
  resolved "https://registry.yarnpkg.com/scheduler/-/scheduler-0.23.0.tgz#ba8041afc3d30eb206a487b6b384002e4e61fdfe"
  integrity sha512-CtuThmgHNg7zIZWAXi3AsyIzA3n4xx7aNyjwC2VJldO2LMVDhFK+63xGqq6CsJH4rTAt6/M+N4GhZiDYPx9eUw==
  dependencies:
    loose-envify "^1.1.0"

source-map-js@^1.0.2:
  version "1.0.2"
  resolved "https://registry.yarnpkg.com/source-map-js/-/source-map-js-1.0.2.tgz#adbc361d9c62df380125e7f161f71c826f1e490c"
  integrity sha512-R0XvVJ9WusLiqTCEiGCmICCMplcCkIwwR11mOSD9CR5u+IXYdiseeEuXCVAjS54zqwkLcPNnmU4OeJ6tUrWhDw==

styled-jsx@5.1.0:
  version "5.1.0"
  resolved "https://registry.yarnpkg.com/styled-jsx/-/styled-jsx-5.1.0.tgz#4a5622ab9714bd3fcfaeec292aa555871f057563"
  integrity sha512-/iHaRJt9U7T+5tp6TRelLnqBqiaIT0HsO0+vgyj8hK2KUk7aejFqRrumqPUlAqDwAj8IbS/1hk3IhBAAK/FCUQ==
  dependencies:
    client-only "0.0.1"

tslib@^2.4.0:
  version "2.4.1"
  resolved "https://registry.yarnpkg.com/tslib/-/tslib-2.4.1.tgz#0d0bfbaac2880b91e22df0768e55be9753a5b17e"
  integrity sha512-tGyy4dAjRIEwI7BzsB0lynWgOpfqjUdq91XXAlIWD2OwKBH7oCl/GZG/HT4BOHrTlPMOASlMQ7veyTqpmRcrNA==
